
Microsoft Visual Studio Solution File, Format Version 12.00
# Visual Studio 15
VisualStudioVersion = 15.0.28010.2046
MinimumVisualStudioVersion = 10.0.40219.1
Project("{8BC9CEB8-8B4A-11D0-8D11-00A0C91BC942}") = "iocp", "iocp\iocp.vcxproj", "{CACEC064-7161-43C8-86FE-A1CC827B5281}"
EndProject
Project("{8BC9CEB8-8B4A-11D0-8D11-00A0C91BC942}") = "Client", "Client\Client.vcxproj", "{9E8334C2-2482-4D99-BB9D-4BA854B51F96}"
EndProject
Global
	GlobalSection(SolutionConfigurationPlatforms) = preSolution
		Debug|x64 = Debug|x64
		Debug|x86 = Debug|x86
		Release|x64 = Release|x64
		Release|x86 = Release|x86
	EndGlobalSection
	GlobalSection(ProjectConfigurationPlatforms) = postSolution
		{CACEC064-7161-43C8-86FE-A1CC827B5281}.Debug|x64.ActiveCfg = Debug|x64
		{CACEC064-7161-43C8-86FE-A1CC827B5281}.Debug|x64.Build.0 = Debug|x64
		{CACEC064-7161-43C8-86FE-A1CC827B5281}.Debug|x86.ActiveCfg = Debug|Win32
		{CACEC064-7161-43C8-86FE-A1CC827B5281}.Debug|x86.Build.0 = Debug|Win32
		{CACEC064-7161-43C8-86FE-A1CC827B5281}.Release|x64.ActiveCfg = Release|x64
		{CACEC064-7161-43C8-86FE-A1CC827B5281}.Release|x64.Build.0 = Release|x64
		{CACEC064-7161-43C8-86FE-A1CC827B5281}.Release|x86.ActiveCfg = Release|Win32
		{CACEC064-7161-43C8-86FE-A1CC827B5281}.Release|x86.Build.0 = Release|Win32
		{9E8334C2-2482-4D99-BB9D-4BA854B51F96}.Debug|x64.ActiveCfg = Debug|x64
		{9E8334C2-2482-4D99-BB9D-4BA854B51F96}.Debug|x64.Build.0 = Debug|x64
		{9E8334C2-2482-4D99-BB9D-4BA854B51F96}.Debug|x86.ActiveCfg = Debug|Win32
		{9E8334C2-2482-4D99-BB9D-4BA854B51F96}.Debug|x86.Build.0 = Debug|Win32
		{9E8334C2-2482-4D99-BB9D-4BA854B51F96}.Release|x64.ActiveCfg = Release|x64
		{9E8334C2-2482-4D99-BB9D-4BA854B51F96}.Release|x64.Build.0 = Release|x64
		{9E8334C2-2482-4D99-BB9D-4BA854B51F96}.Release|x86.ActiveCfg = Release|Win32
		{9E8334C2-2482-4D99-BB9D-4BA854B51F96}.Release|x86.Build.0 = Release|Win32
	EndGlobalSection
	GlobalSection(SolutionProperties) = preSolution
		HideSolutionNode = FALSE
	EndGlobalSection
	GlobalSection(ExtensibilityGlobals) = postSolution
		SolutionGuid = {B938C3DE-95C9-4196-B347-8DF9BF9DC707}
	EndGlobalSection
EndGlobal
